
Microsoft Visual Studio Solution File, Format Version 12.00
# Visual Studio 15
VisualStudioVersion = 15.0.26730.16
MinimumVisualStudioVersion = 10.0.40219.1
Project("{FAE04EC0-301F-11D3-BF4B-00C04F79EFBC}") = "Study.Threads", "Study.Threads\Study.Threads.csproj", "{CCED7318-F3D6-454D-82AC-8019CC786BC0}"
EndProject
Project("{FAE04EC0-301F-11D3-BF4B-00C04F79EFBC}") = "Study.WinThreads", "Study.WinThreads\Study.WinThreads.csproj", "{80161378-D3EA-49C6-BC6A-4251FEE9DA24}"
EndProject
Global
	GlobalSection(SolutionConfigurationPlatforms) = preSolution
		Debug|Any CPU = Debug|Any CPU
		Release|Any CPU = Release|Any CPU
	EndGlobalSection
	GlobalSection(ProjectConfigurationPlatforms) = postSolution
		{CCED7318-F3D6-454D-82AC-8019CC786BC0}.Debug|Any CPU.ActiveCfg = Debug|Any CPU
		{CCED7318-F3D6-454D-82AC-8019CC786BC0}.Debug|Any CPU.Build.0 = Debug|Any CPU
		{CCED7318-F3D6-454D-82AC-8019CC786BC0}.Release|Any CPU.ActiveCfg = Release|Any CPU
		{CCED7318-F3D6-454D-82AC-8019CC786BC0}.Release|Any CPU.Build.0 = Release|Any CPU
		{80161378-D3EA-49C6-BC6A-4251FEE9DA24}.Debug|Any CPU.ActiveCfg = Debug|Any CPU
		{80161378-D3EA-49C6-BC6A-4251FEE9DA24}.Debug|Any CPU.Build.0 = Debug|Any CPU
		{80161378-D3EA-49C6-BC6A-4251FEE9DA24}.Release|Any CPU.ActiveCfg = Release|Any CPU
		{80161378-D3EA-49C6-BC6A-4251FEE9DA24}.Release|Any CPU.Build.0 = Release|Any CPU
	EndGlobalSection
	GlobalSection(SolutionProperties) = preSolution
		HideSolutionNode = FALSE
	EndGlobalSection
	GlobalSection(ExtensibilityGlobals) = postSolution
		SolutionGuid = {CCBC9B3E-002A-48BA-B5FB-4922677481B4}
	EndGlobalSection
EndGlobal
